
Microsoft Visual Studio Solution File, Format Version 12.00
# Visual Studio 15
VisualStudioVersion = 15.0.28010.2003
MinimumVisualStudioVersion = 10.0.40219.1
Project("{FAE04EC0-301F-11D3-BF4B-00C04F79EFBC}") = "ABET.UWP", "ABET\ABET.UWP\ABET.UWP.csproj", "{CBBA2078-8500-4102-AE23-9C44DAB65168}"
EndProject
Project("{9A19103F-16F7-4668-BE54-9A1E7A4F7556}") = "ABET", "ABET\ABET\ABET.csproj", "{127C116C-9A66-45C8-B30A-E2F00FC1DA15}"
EndProject
Global
	GlobalSection(SolutionConfigurationPlatforms) = preSolution
		Debug|Any CPU = Debug|Any CPU
		Debug|ARM = Debug|ARM
		Debug|x64 = Debug|x64
		Debug|x86 = Debug|x86
		Release|Any CPU = Release|Any CPU
		Release|ARM = Release|ARM
		Release|x64 = Release|x64
		Release|x86 = Release|x86
	EndGlobalSection
	GlobalSection(ProjectConfigurationPlatforms) = postSolution
		{CBBA2078-8500-4102-AE23-9C44DAB65168}.Debug|Any CPU.ActiveCfg = Debug|x86
		{CBBA2078-8500-4102-AE23-9C44DAB65168}.Debug|Any CPU.Build.0 = Debug|x86
		{CBBA2078-8500-4102-AE23-9C44DAB65168}.Debug|Any CPU.Deploy.0 = Debug|x86
		{CBBA2078-8500-4102-AE23-9C44DAB65168}.Debug|ARM.ActiveCfg = Debug|x64
		{CBBA2078-8500-4102-AE23-9C44DAB65168}.Debug|ARM.Build.0 = Debug|x64
		{CBBA2078-8500-4102-AE23-9C44DAB65168}.Debug|ARM.Deploy.0 = Debug|x64
		{CBBA2078-8500-4102-AE23-9C44DAB65168}.Debug|x64.ActiveCfg = Debug|x64
		{CBBA2078-8500-4102-AE23-9C44DAB65168}.Debug|x64.Build.0 = Debug|x64
		{CBBA2078-8500-4102-AE23-9C44DAB65168}.Debug|x64.Deploy.0 = Debug|x64
		{CBBA2078-8500-4102-AE23-9C44DAB65168}.Debug|x86.ActiveCfg = Debug|x86
		{CBBA2078-8500-4102-AE23-9C44DAB65168}.Debug|x86.Build.0 = Debug|x86
		{CBBA2078-8500-4102-AE23-9C44DAB65168}.Debug|x86.Deploy.0 = Debug|x86
		{CBBA2078-8500-4102-AE23-9C44DAB65168}.Release|Any CPU.ActiveCfg = Release|x86
		{CBBA2078-8500-4102-AE23-9C44DAB65168}.Release|Any CPU.Build.0 = Release|x86
		{CBBA2078-8500-4102-AE23-9C44DAB65168}.Release|Any CPU.Deploy.0 = Release|x86
		{CBBA2078-8500-4102-AE23-9C44DAB65168}.Release|ARM.ActiveCfg = Release|ARM
		{CBBA2078-8500-4102-AE23-9C44DAB65168}.Release|ARM.Build.0 = Release|ARM
		{CBBA2078-8500-4102-AE23-9C44DAB65168}.Release|ARM.Deploy.0 = Release|ARM
		{CBBA2078-8500-4102-AE23-9C44DAB65168}.Release|x64.ActiveCfg = Release|x64
		{CBBA2078-8500-4102-AE23-9C44DAB65168}.Release|x64.Build.0 = Release|x64
		{CBBA2078-8500-4102-AE23-9C44DAB65168}.Release|x64.Deploy.0 = Release|x64
		{CBBA2078-8500-4102-AE23-9C44DAB65168}.Release|x86.ActiveCfg = Release|x86
		{CBBA2078-8500-4102-AE23-9C44DAB65168}.Release|x86.Build.0 = Release|x86
		{CBBA2078-8500-4102-AE23-9C44DAB65168}.Release|x86.Deploy.0 = Release|x86
		{127C116C-9A66-45C8-B30A-E2F00FC1DA15}.Debug|Any CPU.ActiveCfg = Debug|Any CPU
		{127C116C-9A66-45C8-B30A-E2F00FC1DA15}.Debug|Any CPU.Build.0 = Debug|Any CPU
		{127C116C-9A66-45C8-B30A-E2F00FC1DA15}.Debug|Any CPU.Deploy.0 = Debug|Any CPU
		{127C116C-9A66-45C8-B30A-E2F00FC1DA15}.Debug|ARM.ActiveCfg = Debug|Any CPU
		{127C116C-9A66-45C8-B30A-E2F00FC1DA15}.Debug|ARM.Build.0 = Debug|Any CPU
		{127C116C-9A66-45C8-B30A-E2F00FC1DA15}.Debug|ARM.Deploy.0 = Debug|Any CPU
		{127C116C-9A66-45C8-B30A-E2F00FC1DA15}.Debug|x64.ActiveCfg = Debug|Any CPU
		{127C116C-9A66-45C8-B30A-E2F00FC1DA15}.Debug|x64.Build.0 = Debug|Any CPU
		{127C116C-9A66-45C8-B30A-E2F00FC1DA15}.Debug|x64.Deploy.0 = Debug|Any CPU
		{127C116C-9A66-45C8-B30A-E2F00FC1DA15}.Debug|x86.ActiveCfg = Debug|Any CPU
		{127C116C-9A66-45C8-B30A-E2F00FC1DA15}.Debug|x86.Build.0 = Debug|Any CPU
		{127C116C-9A66-45C8-B30A-E2F00FC1DA15}.Debug|x86.Deploy.0 = Debug|Any CPU
		{127C116C-9A66-45C8-B30A-E2F00FC1DA15}.Release|Any CPU.ActiveCfg = Release|Any CPU
		{127C116C-9A66-45C8-B30A-E2F00FC1DA15}.Release|Any CPU.Build.0 = Release|Any CPU
		{127C116C-9A66-45C8-B30A-E2F00FC1DA15}.Release|Any CPU.Deploy.0 = Release|Any CPU
		{127C116C-9A66-45C8-B30A-E2F00FC1DA15}.Release|ARM.ActiveCfg = Release|Any CPU
		{127C116C-9A66-45C8-B30A-E2F00FC1DA15}.Release|ARM.Build.0 = Release|Any CPU
		{127C116C-9A66-45C8-B30A-E2F00FC1DA15}.Release|ARM.Deploy.0 = Release|Any CPU
		{127C116C-9A66-45C8-B30A-E2F00FC1DA15}.Release|x64.ActiveCfg = Release|Any CPU
		{127C116C-9A66-45C8-B30A-E2F00FC1DA15}.Release|x64.Build.0 = Release|Any CPU
		{127C116C-9A66-45C8-B30A-E2F00FC1DA15}.Release|x64.Deploy.0 = Release|Any CPU
		{127C116C-9A66-45C8-B30A-E2F00FC1DA15}.Release|x86.ActiveCfg = Release|Any CPU
		{127C116C-9A66-45C8-B30A-E2F00FC1DA15}.Release|x86.Build.0 = Release|Any CPU
		{127C116C-9A66-45C8-B30A-E2F00FC1DA15}.Release|x86.Deploy.0 = Release|Any CPU
	EndGlobalSection
	GlobalSection(SolutionProperties) = preSolution
		HideSolutionNode = FALSE
	EndGlobalSection
	GlobalSection(ExtensibilityGlobals) = postSolution
		SolutionGuid = {640D8CEB-1FC6-4E2F-888F-D380E255751E}
	EndGlobalSection
EndGlobal
